
Microsoft Visual Studio Solution File, Format Version 12.00
# Visual Studio Version 16
VisualStudioVersion = 16.0.30517.126
MinimumVisualStudioVersion = 10.0.40219.1
Project("{9A19103F-16F7-4668-BE54-9A1E7A4F7556}") = "SLS", "SLS\SLS.csproj", "{A0164910-AE8A-4042-AE30-126EA483E31C}"
EndProject
Global
	GlobalSection(SolutionConfigurationPlatforms) = preSolution
		Debug|Any CPU = Debug|Any CPU
		Release|Any CPU = Release|Any CPU
	EndGlobalSection
	GlobalSection(ProjectConfigurationPlatforms) = postSolution
		{A0164910-AE8A-4042-AE30-126EA483E31C}.Debug|Any CPU.ActiveCfg = Debug|Any CPU
		{A0164910-AE8A-4042-AE30-126EA483E31C}.Debug|Any CPU.Build.0 = Debug|Any CPU
		{A0164910-AE8A-4042-AE30-126EA483E31C}.Release|Any CPU.ActiveCfg = Release|Any CPU
		{A0164910-AE8A-4042-AE30-126EA483E31C}.Release|Any CPU.Build.0 = Release|Any CPU
	EndGlobalSection
	GlobalSection(SolutionProperties) = preSolution
		HideSolutionNode = FALSE
	EndGlobalSection
	GlobalSection(ExtensibilityGlobals) = postSolution
		SolutionGuid = {BE64312F-76A9-4847-855F-20E0BA802375}
	EndGlobalSection
EndGlobal
